
Microsoft Visual Studio Solution File, Format Version 12.00
# Visual Studio Version 17
VisualStudioVersion = 17.6.33815.320
MinimumVisualStudioVersion = 10.0.40219.1
Project("{FAE04EC0-301F-11D3-BF4B-00C04F79EFBC}") = "DotNetVideoPlayer", "DotNetVideoPlayer.csproj", "{86900655-3A09-43FB-B5A3-826F6F7E7E1E}"
EndProject
Global
	GlobalSection(SolutionConfigurationPlatforms) = preSolution
		Debug|Any CPU = Debug|Any CPU
		Release|Any CPU = Release|Any CPU
	EndGlobalSection
	GlobalSection(ProjectConfigurationPlatforms) = postSolution
		{86900655-3A09-43FB-B5A3-826F6F7E7E1E}.Debug|Any CPU.ActiveCfg = Debug|Any CPU
		{86900655-3A09-43FB-B5A3-826F6F7E7E1E}.Debug|Any CPU.Build.0 = Debug|Any CPU
		{86900655-3A09-43FB-B5A3-826F6F7E7E1E}.Release|Any CPU.ActiveCfg = Release|Any CPU
		{86900655-3A09-43FB-B5A3-826F6F7E7E1E}.Release|Any CPU.Build.0 = Release|Any CPU
	EndGlobalSection
	GlobalSection(SolutionProperties) = preSolution
		HideSolutionNode = FALSE
	EndGlobalSection
	GlobalSection(ExtensibilityGlobals) = postSolution
		SolutionGuid = {B794D5FB-C93F-40A7-9C31-484E9845AD77}
	EndGlobalSection
EndGlobal
